
Microsoft Visual Studio Solution File, Format Version 11.00
# Visual Studio 2010
Project("{FAE04EC0-301F-11D3-BF4B-00C04F79EFBC}") = "Assembly-CSharp", "Assembly-CSharp.csproj", "{584E9DDE-C866-316C-0F16-8C9E8E8E4D20}"
EndProject
Project("{FAE04EC0-301F-11D3-BF4B-00C04F79EFBC}") = "Assembly-CSharp-Editor", "Assembly-CSharp-Editor.csproj", "{402B0365-A781-C48E-5B90-8E09C6851339}"
EndProject
Global
	GlobalSection(SolutionConfigurationPlatforms) = preSolution
		Debug|Any CPU = Debug|Any CPU
		Release|Any CPU = Release|Any CPU
	EndGlobalSection
	GlobalSection(ProjectConfigurationPlatforms) = postSolution
		{584E9DDE-C866-316C-0F16-8C9E8E8E4D20}.Debug|Any CPU.ActiveCfg = Debug|Any CPU
		{584E9DDE-C866-316C-0F16-8C9E8E8E4D20}.Debug|Any CPU.Build.0 = Debug|Any CPU
		{584E9DDE-C866-316C-0F16-8C9E8E8E4D20}.Release|Any CPU.ActiveCfg = Release|Any CPU
		{584E9DDE-C866-316C-0F16-8C9E8E8E4D20}.Release|Any CPU.Build.0 = Release|Any CPU
		{402B0365-A781-C48E-5B90-8E09C6851339}.Debug|Any CPU.ActiveCfg = Debug|Any CPU
		{402B0365-A781-C48E-5B90-8E09C6851339}.Debug|Any CPU.Build.0 = Debug|Any CPU
		{402B0365-A781-C48E-5B90-8E09C6851339}.Release|Any CPU.ActiveCfg = Release|Any CPU
		{402B0365-A781-C48E-5B90-8E09C6851339}.Release|Any CPU.Build.0 = Release|Any CPU
	EndGlobalSection
	GlobalSection(SolutionProperties) = preSolution
		HideSolutionNode = FALSE
	EndGlobalSection
	GlobalSection(MonoDevelopProperties) = preSolution
		StartupItem = Assembly-CSharp.csproj
	EndGlobalSection
EndGlobal
